// !$*UTF8*$!
{
	archiveVersion = 1;
	classes = {
	};
	objectVersion = 56;
	objects = {

/* Begin PBXBuildFile section */
		9EAD24A92CA66FCB001B0772 /* AppDelegate.swift in Sources */ = {isa = PBXBuildFile; fileRef = 9EAD24A82CA66FCB001B0772 /* AppDelegate.swift */; };
		9EAD24AB2CA66FCB001B0772 /* SceneDelegate.swift in Sources */ = {isa = PBXBuildFile; fileRef = 9EAD24AA2CA66FCB001B0772 /* SceneDelegate.swift */; };
		9EAD24AD2CA66FCB001B0772 /* ViewController.swift in Sources */ = {isa = PBXBuildFile; fileRef = 9EAD24AC2CA66FCB001B0772 /* ViewController.swift */; };
		9EAD24B02CA66FCB001B0772 /* Main.storyboard in Resources */ = {isa = PBXBuildFile; fileRef = 9EAD24AE2CA66FCB001B0772 /* Main.storyboard */; };
		9EAD24B22CA66FCD001B0772 /* Assets.xcassets in Resources */ = {isa = PBXBuildFile; fileRef = 9EAD24B12CA66FCD001B0772 /* Assets.xcassets */; };
		9EAD24B52CA66FCD001B0772 /* LaunchScreen.storyboard in Resources */ = {isa = PBXBuildFile; fileRef = 9EAD24B32CA66FCD001B0772 /* LaunchScreen.storyboard */; };
		9EAD24C02CA66FCD001B0772 /* Image_Gallery_AppTests.swift in Sources */ = {isa = PBXBuildFile; fileRef = 9EAD24BF2CA66FCD001B0772 /* Image_Gallery_AppTests.swift */; };
		9EAD24CA2CA66FCD001B0772 /* Image_Gallery_AppUITests.swift in Sources */ = {isa = PBXBuildFile; fileRef = 9EAD24C92CA66FCD001B0772 /* Image_Gallery_AppUITests.swift */; };
		9EAD24CC2CA66FCD001B0772 /* Image_Gallery_AppUITestsLaunchTests.swift in Sources */ = {isa = PBXBuildFile; fileRef = 9EAD24CB2CA66FCD001B0772 /* Image_Gallery_AppUITestsLaunchTests.swift */; };
/* End PBXBuildFile section */

/* Begin PBXContainerItemProxy section */
		9EAD24BC2CA66FCD001B0772 /* PBXContainerItemProxy */ = {
			isa = PBXContainerItemProxy;
			containerPortal = 9EAD249D2CA66FCB001B0772 /* Project object */;
			proxyType = 1;
			remoteGlobalIDString = 9EAD24A42CA66FCB001B0772;
			remoteInfo = "Image Gallery App";
		};
		9EAD24C62CA66FCD001B0772 /* PBXContainerItemProxy */ = {
			isa = PBXContainerItemProxy;
			containerPortal = 9EAD249D2CA66FCB001B0772 /* Project object */;
			proxyType = 1;
			remoteGlobalIDString = 9EAD24A42CA66FCB001B0772;
			remoteInfo = "Image Gallery App";
		};
/* End PBXContainerItemProxy section */

/* Begin PBXFileReference section */
		9EAD24A52CA66FCB001B0772 /* Image Gallery App.app */ = {isa = PBXFileReference; explicitFileType = wrapper.application; includeInIndex = 0; path = "Image Gallery App.app"; sourceTree = BUILT_PRODUCTS_DIR; };
		9EAD24A82CA66FCB001B0772 /* AppDelegate.swift */ = {isa = PBXFileReference; lastKnownFileType = sourcecode.swift; path = AppDelegate.swift; sourceTree = "<group>"; };
		9EAD24AA2CA66FCB001B0772 /* SceneDelegate.swift */ = {isa = PBXFileReference; lastKnownFileType = sourcecode.swift; path = SceneDelegate.swift; sourceTree = "<group>"; };
		9EAD24AC2CA66FCB001B0772 /* ViewController.swift */ = {isa = PBXFileReference; lastKnownFileType = sourcecode.swift; path = ViewController.swift; sourceTree = "<group>"; };
		9EAD24AF2CA66FCB001B0772 /* Base */ = {isa = PBXFileReference; lastKnownFileType = file.storyboard; name = Base; path = Base.lproj/Main.storyboard; sourceTree = "<group>"; };
		9EAD24B12CA66FCD001B0772 /* Assets.xcassets */ = {isa = PBXFileReference; lastKnownFileType = folder.assetcatalog; path = Assets.xcassets; sourceTree = "<group>"; };
		9EAD24B42CA66FCD001B0772 /* Base */ = {isa = PBXFileReference; lastKnownFileType = file.storyboard; name = Base; path = Base.lproj/LaunchScreen.storyboard; sourceTree = "<group>"; };
		9EAD24B62CA66FCD001B0772 /* Info.plist */ = {isa = PBXFileReference; lastKnownFileType = text.plist.xml; path = Info.plist; sourceTree = "<group>"; };
		9EAD24BB2CA66FCD001B0772 /* Image Gallery AppTests.xctest */ = {isa = PBXFileReference; explicitFileType = wrapper.cfbundle; includeInIndex = 0; path = "Image Gallery AppTests.xctest"; sourceTree = BUILT_PRODUCTS_DIR; };
		9EAD24BF2CA66FCD001B0772 /* Image_Gallery_AppTests.swift */ = {isa = PBXFileReference; lastKnownFileType = sourcecode.swift; path = Image_Gallery_AppTests.swift; sourceTree = "<group>"; };
		9EAD24C52CA66FCD001B0772 /* Image Gallery AppUITests.xctest */ = {isa = PBXFileReference; explicitFileType = wrapper.cfbundle; includeInIndex = 0; path = "Image Gallery AppUITests.xctest"; sourceTree = BUILT_PRODUCTS_DIR; };
		9EAD24C92CA66FCD001B0772 /* Image_Gallery_AppUITests.swift */ = {isa = PBXFileReference; lastKnownFileType = sourcecode.swift; path = Image_Gallery_AppUITests.swift; sourceTree = "<group>"; };
		9EAD24CB2CA66FCD001B0772 /* Image_Gallery_AppUITestsLaunchTests.swift */ = {isa = PBXFileReference; lastKnownFileType = sourcecode.swift; path = Image_Gallery_AppUITestsLaunchTests.swift; sourceTree = "<group>"; };
/* End PBXFileReference section */

/* Begin PBXFrameworksBuildPhase section */
		9EAD24A22CA66FCB001B0772 /* Frameworks */ = {
			isa = PBXFrameworksBuildPhase;
			buildActionMask = 2147483647;
			files = (
			);
			runOnlyForDeploymentPostprocessing = 0;
		};
		9EAD24B82CA66FCD001B0772 /* Frameworks */ = {
			isa = PBXFrameworksBuildPhase;
			buildActionMask = 2147483647;
			files = (
			);
			runOnlyForDeploymentPostprocessing = 0;
		};
		9EAD24C22CA66FCD001B0772 /* Frameworks */ = {
			isa = PBXFrameworksBuildPhase;
			buildActionMask = 2147483647;
			files = (
			);
			runOnlyForDeploymentPostprocessing = 0;
		};
/* End PBXFrameworksBuildPhase section */

/* Begin PBXGroup section */
		9EAD249C2CA66FCB001B0772 = {
			isa = PBXGroup;
			children = (
				9EAD24A72CA66FCB001B0772 /* Image Gallery App */,
				9EAD24BE2CA66FCD001B0772 /* Image Gallery AppTests */,
				9EAD24C82CA66FCD001B0772 /* Image Gallery AppUITests */,
				9EAD24A62CA66FCB001B0772 /* Products */,
			);
			sourceTree = "<group>";
		};
		9EAD24A62CA66FCB001B0772 /* Products */ = {
			isa = PBXGroup;
			children = (
				9EAD24A52CA66FCB001B0772 /* Image Gallery App.app */,
				9EAD24BB2CA66FCD001B0772 /* Image Gallery AppTests.xctest */,
				9EAD24C52CA66FCD001B0772 /* Image Gallery AppUITests.xctest */,
			);
			name = Products;
			sourceTree = "<group>";
		};
		9EAD24A72CA66FCB001B0772 /* Image Gallery App */ = {
			isa = PBXGroup;
			children = (
				9EAD24A82CA66FCB001B0772 /* AppDelegate.swift */,
				9EAD24AA2CA66FCB001B0772 /* SceneDelegate.swift */,
				9EAD24AC2CA66FCB001B0772 /* ViewController.swift */,
				9EAD24AE2CA66FCB001B0772 /* Main.storyboard */,
				9EAD24B12CA66FCD001B0772 /* Assets.xcassets */,
				9EAD24B32CA66FCD001B0772 /* LaunchScreen.storyboard */,
				9EAD24B62CA66FCD001B0772 /* Info.plist */,
			);
			path = "Image Gallery App";
			sourceTree = "<group>";
		};
		9EAD24BE2CA66FCD001B0772 /* Image Gallery AppTests */ = {
			isa = PBXGroup;
			children = (
				9EAD24BF2CA66FCD001B0772 /* Image_Gallery_AppTests.swift */,
			);
			path = "Image Gallery AppTests";
			sourceTree = "<group>";
		};
		9EAD24C82CA66FCD001B0772 /* Image Gallery AppUITests */ = {
			isa = PBXGroup;
			children = (
				9EAD24C92CA66FCD001B0772 /* Image_Gallery_AppUITests.swift */,
				9EAD24CB2CA66FCD001B0772 /* Image_Gallery_AppUITestsLaunchTests.swift */,
			);
			path = "Image Gallery AppUITests";
			sourceTree = "<group>";
		};
/* End PBXGroup section */

/* Begin PBXNativeTarget section */
		9EAD24A42CA66FCB001B0772 /* Image Gallery App */ = {
			isa = PBXNativeTarget;
			buildConfigurationList = 9EAD24CF2CA66FCD001B0772 /* Build configuration list for PBXNativeTarget "Image Gallery App" */;
			buildPhases = (
				9EAD24A12CA66FCB001B0772 /* Sources */,
				9EAD24A22CA66FCB001B0772 /* Frameworks */,
				9EAD24A32CA66FCB001B0772 /* Resources */,
			);
			buildRules = (
			);
			dependencies = (
			);
			name = "Image Gallery App";
			productName = "Image Gallery App";
			productReference = 9EAD24A52CA66FCB001B0772 /* Image Gallery App.app */;
			productType = "com.apple.product-type.application";
		};
		9EAD24BA2CA66FCD001B0772 /* Image Gallery AppTests */ = {
			isa = PBXNativeTarget;
			buildConfigurationList = 9EAD24D22CA66FCD001B0772 /* Build configuration list for PBXNativeTarget "Image Gallery AppTests" */;
			buildPhases = (
				9EAD24B72CA66FCD001B0772 /* Sources */,
				9EAD24B82CA66FCD001B0772 /* Frameworks */,
				9EAD24B92CA66FCD001B0772 /* Resources */,
			);
			buildRules = (
			);
			dependencies = (
				9EAD24BD2CA66FCD001B0772 /* PBXTargetDependency */,
			);
			name = "Image Gallery AppTests";
			productName = "Image Gallery AppTests";
			productReference = 9EAD24BB2CA66FCD001B0772 /* Image Gallery AppTests.xctest */;
			productType = "com.apple.product-type.bundle.unit-test";
		};
		9EAD24C42CA66FCD001B0772 /* Image Gallery AppUITests */ = {
			isa = PBXNativeTarget;
			buildConfigurationList = 9EAD24D52CA66FCD001B0772 /* Build configuration list for PBXNativeTarget "Image Gallery AppUITests" */;
			buildPhases = (
				9EAD24C12CA66FCD001B0772 /* Sources */,
				9EAD24C22CA66FCD001B0772 /* Frameworks */,
				9EAD24C32CA66FCD001B0772 /* Resources */,
			);
			buildRules = (
			);
			dependencies = (
				9EAD24C72CA66FCD001B0772 /* PBXTargetDependency */,
			);
			name = "Image Gallery AppUITests";
			productName = "Image Gallery AppUITests";
			productReference = 9EAD24C52CA66FCD001B0772 /* Image Gallery AppUITests.xctest */;
			productType = "com.apple.product-type.bundle.ui-testing";
		};
/* End PBXNativeTarget section */

/* Begin PBXProject section */
		9EAD249D2CA66FCB001B0772 /* Project object */ = {
			isa = PBXProject;
			attributes = {
				BuildIndependentTargetsInParallel = 1;
				LastSwiftUpdateCheck = 1430;
				LastUpgradeCheck = 1430;
				TargetAttributes = {
					9EAD24A42CA66FCB001B0772 = {
						CreatedOnToolsVersion = 14.3;
					};
					9EAD24BA2CA66FCD001B0772 = {
						CreatedOnToolsVersion = 14.3;
						TestTargetID = 9EAD24A42CA66FCB001B0772;
					};
					9EAD24C42CA66FCD001B0772 = {
						CreatedOnToolsVersion = 14.3;
						TestTargetID = 9EAD24A42CA66FCB001B0772;
					};
				};
			};
			buildConfigurationList = 9EAD24A02CA66FCB001B0772 /* Build configuration list for PBXProject "Image Gallery App" */;
			compatibilityVersion = "Xcode 14.0";
			developmentRegion = en;
			hasScannedForEncodings = 0;
			knownRegions = (
				en,
				Base,
			);
			mainGroup = 9EAD249C2CA66FCB001B0772;
			productRefGroup = 9EAD24A62CA66FCB001B0772 /* Products */;
			projectDirPath = "";
			projectRoot = "";
			targets = (
				9EAD24A42CA66FCB001B0772 /* Image Gallery App */,
				9EAD24BA2CA66FCD001B0772 /* Image Gallery AppTests */,
				9EAD24C42CA66FCD001B0772 /* Image Gallery AppUITests */,
			);
		};
/* End PBXProject section */

/* Begin PBXResourcesBuildPhase section */
		9EAD24A32CA66FCB001B0772 /* Resources */ = {
			isa = PBXResourcesBuildPhase;
			buildActionMask = 2147483647;
			files = (
				9EAD24B52CA66FCD001B0772 /* LaunchScreen.storyboard in Resources */,
				9EAD24B22CA66FCD001B0772 /* Assets.xcassets in Resources */,
				9EAD24B02CA66FCB001B0772 /* Main.storyboard in Resources */,
			);
			runOnlyForDeploymentPostprocessing = 0;
		};
		9EAD24B92CA66FCD001B0772 /* Resources */ = {
			isa = PBXResourcesBuildPhase;
			buildActionMask = 2147483647;
			files = (
			);
			runOnlyForDeploymentPostprocessing = 0;
		};
		9EAD24C32CA66FCD001B0772 /* Resources */ = {
			isa = PBXResourcesBuildPhase;
			buildActionMask = 2147483647;
			files = (
			);
			runOnlyForDeploymentPostprocessing = 0;
		};
/* End PBXResourcesBuildPhase section */

/* Begin PBXSourcesBuildPhase section */
		9EAD24A12CA66FCB001B0772 /* Sources */ = {
			isa = PBXSourcesBuildPhase;
			buildActionMask = 2147483647;
			files = (
				9EAD24AD2CA66FCB001B0772 /* ViewController.swift in Sources */,
				9EAD24A92CA66FCB001B0772 /* AppDelegate.swift in Sources */,
				9EAD24AB2CA66FCB001B0772 /* SceneDelegate.swift in Sources */,
			);
			runOnlyForDeploymentPostprocessing = 0;
		};
		9EAD24B72CA66FCD001B0772 /* Sources */ = {
			isa = PBXSourcesBuildPhase;
			buildActionMask = 2147483647;
			files = (
				9EAD24C02CA66FCD001B0772 /* Image_Gallery_AppTests.swift in Sources */,
			);
			runOnlyForDeploymentPostprocessing = 0;
		};
		9EAD24C12CA66FCD001B0772 /* Sources */ = {
			isa = PBXSourcesBuildPhase;
			buildActionMask = 2147483647;
			files = (
				9EAD24CA2CA66FCD001B0772 /* Image_Gallery_AppUITests.swift in Sources */,
				9EAD24CC2CA66FCD001B0772 /* Image_Gallery_AppUITestsLaunchTests.swift in Sources */,
			);
			runOnlyForDeploymentPostprocessing = 0;
		};
/* End PBXSourcesBuildPhase section */

/* Begin PBXTargetDependency section */
		9EAD24BD2CA66FCD001B0772 /* PBXTargetDependency */ = {
			isa = PBXTargetDependency;
			target = 9EAD24A42CA66FCB001B0772 /* Image Gallery App */;
			targetProxy = 9EAD24BC2CA66FCD001B0772 /* PBXContainerItemProxy */;
		};
		9EAD24C72CA66FCD001B0772 /* PBXTargetDependency */ = {
			isa = PBXTargetDependency;
			target = 9EAD24A42CA66FCB001B0772 /* Image Gallery App */;
			targetProxy = 9EAD24C62CA66FCD001B0772 /* PBXContainerItemProxy */;
		};
/* End PBXTargetDependency section */

/* Begin PBXVariantGroup section */
		9EAD24AE2CA66FCB001B0772 /* Main.storyboard */ = {
			isa = PBXVariantGroup;
			children = (
				9EAD24AF2CA66FCB001B0772 /* Base */,
			);
			name = Main.storyboard;
			sourceTree = "<group>";
		};
		9EAD24B32CA66FCD001B0772 /* LaunchScreen.storyboard */ = {
			isa = PBXVariantGroup;
			children = (
				9EAD24B42CA66FCD001B0772 /* Base */,
			);
			name = LaunchScreen.storyboard;
			sourceTree = "<group>";
		};
/* End PBXVariantGroup section */

/* Begin XCBuildConfiguration section */
		9EAD24CD2CA66FCD001B0772 /* Debug */ = {
			isa = XCBuildConfiguration;
			buildSettings = {
				ALWAYS_SEARCH_USER_PATHS = NO;
				CLANG_ANALYZER_NONNULL = YES;
				CLANG_ANALYZER_NUMBER_OBJECT_CONVERSION = YES_AGGRESSIVE;
				CLANG_CXX_LANGUAGE_STANDARD = "gnu++20";
				CLANG_ENABLE_MODULES = YES;
				CLANG_ENABLE_OBJC_ARC = YES;
				CLANG_ENABLE_OBJC_WEAK = YES;
				CLANG_WARN_BLOCK_CAPTURE_AUTORELEASING = YES;
				CLANG_WARN_BOOL_CONVERSION = YES;
				CLANG_WARN_COMMA = YES;
				CLANG_WARN_CONSTANT_CONVERSION = YES;
				CLANG_WARN_DEPRECATED_OBJC_IMPLEMENTATIONS = YES;
				CLANG_WARN_DIRECT_OBJC_ISA_USAGE = YES_ERROR;
				CLANG_WARN_DOCUMENTATION_COMMENTS = YES;
				CLANG_WARN_EMPTY_BODY = YES;
				CLANG_WARN_ENUM_CONVERSION = YES;
				CLANG_WARN_INFINITE_RECURSION = YES;
				CLANG_WARN_INT_CONVERSION = YES;
				CLANG_WARN_NON_LITERAL_NULL_CONVERSION = YES;
				CLANG_WARN_OBJC_IMPLICIT_RETAIN_SELF = YES;
				CLANG_WARN_OBJC_LITERAL_CONVERSION = YES;
				CLANG_WARN_OBJC_ROOT_CLASS = YES_ERROR;
				CLANG_WARN_QUOTED_INCLUDE_IN_FRAMEWORK_HEADER = YES;
				CLANG_WARN_RANGE_LOOP_ANALYSIS = YES;
				CLANG_WARN_STRICT_PROTOTYPES = YES;
				CLANG_WARN_SUSPICIOUS_MOVE = YES;
				CLANG_WARN_UNGUARDED_AVAILABILITY = YES_AGGRESSIVE;
				CLANG_WARN_UNREACHABLE_CODE = YES;
				CLANG_WARN__DUPLICATE_METHOD_MATCH = YES;
				COPY_PHASE_STRIP = NO;
				DEBUG_INFORMATION_FORMAT = dwarf;
				ENABLE_STRICT_OBJC_MSGSEND = YES;
				ENABLE_TESTABILITY = YES;
				GCC_C_LANGUAGE_STANDARD = gnu11;
				GCC_DYNAMIC_NO_PIC = NO;
				GCC_NO_COMMON_BLOCKS = YES;
				GCC_OPTIMIZATION_LEVEL = 0;
				GCC_PREPROCESSOR_DEFINITIONS = (
					"DEBUG=1",
					"$(inherited)",
				);
				GCC_WARN_64_TO_32_BIT_CONVERSION = YES;
				GCC_WARN_ABOUT_RETURN_TYPE = YES_ERROR;
				GCC_WARN_UNDECLARED_SELECTOR = YES;
				GCC_WARN_UNINITIALIZED_AUTOS = YES_AGGRESSIVE;
				GCC_WARN_UNUSED_FUNCTION = YES;
				GCC_WARN_UNUSED_VARIABLE = YES;
				IPHONEOS_DEPLOYMENT_TARGET = 16.4;
				MTL_ENABLE_DEBUG_INFO = INCLUDE_SOURCE;
				MTL_FAST_MATH = YES;
				ONLY_ACTIVE_ARCH = YES;
				SDKROOT = iphoneos;
				SWIFT_ACTIVE_COMPILATION_CONDITIONS = DEBUG;
				SWIFT_OPTIMIZATION_LEVEL = "-Onone";
			};
			name = Debug;
		};
		9EAD24CE2CA66FCD001B0772 /* Release */ = {
			isa = XCBuildConfiguration;
			buildSettings = {
				ALWAYS_SEARCH_USER_PATHS = NO;
				CLANG_ANALYZER_NONNULL = YES;
				CLANG_ANALYZER_NUMBER_OBJECT_CONVERSION = YES_AGGRESSIVE;
				CLANG_CXX_LANGUAGE_STANDARD = "gnu++20";
				CLANG_ENABLE_MODULES = YES;
				CLANG_ENABLE_OBJC_ARC = YES;
				CLANG_ENABLE_OBJC_WEAK = YES;
				CLANG_WARN_BLOCK_CAPTURE_AUTORELEASING = YES;
				CLANG_WARN_BOOL_CONVERSION = YES;
				CLANG_WARN_COMMA = YES;
				CLANG_WARN_CONSTANT_CONVERSION = YES;
				CLANG_WARN_DEPRECATED_OBJC_IMPLEMENTATIONS = YES;
				CLANG_WARN_DIRECT_OBJC_ISA_USAGE = YES_ERROR;
				CLANG_WARN_DOCUMENTATION_COMMENTS = YES;
				CLANG_WARN_EMPTY_BODY = YES;
				CLANG_WARN_ENUM_CONVERSION = YES;
				CLANG_WARN_INFINITE_RECURSION = YES;
				CLANG_WARN_INT_CONVERSION = YES;
				CLANG_WARN_NON_LITERAL_NULL_CONVERSION = YES;
				CLANG_WARN_OBJC_IMPLICIT_RETAIN_SELF = YES;
				CLANG_WARN_OBJC_LITERAL_CONVERSION = YES;
				CLANG_WARN_OBJC_ROOT_CLASS = YES_ERROR;
				CLANG_WARN_QUOTED_INCLUDE_IN_FRAMEWORK_HEADER = YES;
				CLANG_WARN_RANGE_LOOP_ANALYSIS = YES;
				CLANG_WARN_STRICT_PROTOTYPES = YES;
				CLANG_WARN_SUSPICIOUS_MOVE = YES;
				CLANG_WARN_UNGUARDED_AVAILABILITY = YES_AGGRESSIVE;
				CLANG_WARN_UNREACHABLE_CODE = YES;
				CLANG_WARN__DUPLICATE_METHOD_MATCH = YES;
				COPY_PHASE_STRIP = NO;
				DEBUG_INFORMATION_FORMAT = "dwarf-with-dsym";
				ENABLE_NS_ASSERTIONS = NO;
				ENABLE_STRICT_OBJC_MSGSEND = YES;
				GCC_C_LANGUAGE_STANDARD = gnu11;
				GCC_NO_COMMON_BLOCKS = YES;
				GCC_WARN_64_TO_32_BIT_CONVERSION = YES;
				GCC_WARN_ABOUT_RETURN_TYPE = YES_ERROR;
				GCC_WARN_UNDECLARED_SELECTOR = YES;
				GCC_WARN_UNINITIALIZED_AUTOS = YES_AGGRESSIVE;
				GCC_WARN_UNUSED_FUNCTION = YES;
				GCC_WARN_UNUSED_VARIABLE = YES;
				IPHONEOS_DEPLOYMENT_TARGET = 16.4;
				MTL_ENABLE_DEBUG_INFO = NO;
				MTL_FAST_MATH = YES;
				SDKROOT = iphoneos;
				SWIFT_COMPILATION_MODE = wholemodule;
				SWIFT_OPTIMIZATION_LEVEL = "-O";
				VALIDATE_PRODUCT = YES;
			};
			name = Release;
		};
		9EAD24D02CA66FCD001B0772 /* Debug */ = {
			isa = XCBuildConfiguration;
			buildSettings = {
				ASSETCATALOG_COMPILER_APPICON_NAME = AppIcon;
				ASSETCATALOG_COMPILER_GLOBAL_ACCENT_COLOR_NAME = AccentColor;
				CODE_SIGN_STYLE = Automatic;
				CURRENT_PROJECT_VERSION = 1;
				GENERATE_INFOPLIST_FILE = YES;
				INFOPLIST_FILE = "Image Gallery App/Info.plist";
				INFOPLIST_KEY_UIApplicationSupportsIndirectInputEvents = YES;
				INFOPLIST_KEY_UILaunchStoryboardName = LaunchScreen;
				INFOPLIST_KEY_UIMainStoryboardFile = Main;
				INFOPLIST_KEY_UISupportedInterfaceOrientations_iPad = "UIInterfaceOrientationPortrait UIInterfaceOrientationPortraitUpsideDown UIInterfaceOrientationLandscapeLeft UIInterfaceOrientationLandscapeRight";
				INFOPLIST_KEY_UISupportedInterfaceOrientations_iPhone = "UIInterfaceOrientationPortrait UIInterfaceOrientationLandscapeLeft UIInterfaceOrientationLandscapeRight";
				LD_RUNPATH_SEARCH_PATHS = (
					"$(inherited)",
					"@executable_path/Frameworks",
				);
				MARKETING_VERSION = 1.0;
				PRODUCT_BUNDLE_IDENTIFIER = "demo.Image-Gallery-App";
				PRODUCT_NAME = "$(TARGET_NAME)";
				SWIFT_EMIT_LOC_STRINGS = YES;
				SWIFT_VERSION = 5.0;
				TARGETED_DEVICE_FAMILY = "1,2";
			};
			name = Debug;
		};
		9EAD24D12CA66FCD001B0772 /* Release */ = {
			isa = XCBuildConfiguration;
			buildSettings = {
				ASSETCATALOG_COMPILER_APPICON_NAME = AppIcon;
				ASSETCATALOG_COMPILER_GLOBAL_ACCENT_COLOR_NAME = AccentColor;
				CODE_SIGN_STYLE = Automatic;
				CURRENT_PROJECT_VERSION = 1;
				GENERATE_INFOPLIST_FILE = YES;
				INFOPLIST_FILE = "Image Gallery App/Info.plist";
				INFOPLIST_KEY_UIApplicationSupportsIndirectInputEvents = YES;
				INFOPLIST_KEY_UILaunchStoryboardName = LaunchScreen;
				INFOPLIST_KEY_UIMainStoryboardFile = Main;
				INFOPLIST_KEY_UISupportedInterfaceOrientations_iPad = "UIInterfaceOrientationPortrait UIInterfaceOrientationPortraitUpsideDown UIInterfaceOrientationLandscapeLeft UIInterfaceOrientationLandscapeRight";
				INFOPLIST_KEY_UISupportedInterfaceOrientations_iPhone = "UIInterfaceOrientationPortrait UIInterfaceOrientationLandscapeLeft UIInterfaceOrientationLandscapeRight";
				LD_RUNPATH_SEARCH_PATHS = (
					"$(inherited)",
					"@executable_path/Frameworks",
				);
				MARKETING_VERSION = 1.0;
				PRODUCT_BUNDLE_IDENTIFIER = "demo.Image-Gallery-App";
				PRODUCT_NAME = "$(TARGET_NAME)";
				SWIFT_EMIT_LOC_STRINGS = YES;
				SWIFT_VERSION = 5.0;
				TARGETED_DEVICE_FAMILY = "1,2";
			};
			name = Release;
		};
		9EAD24D32CA66FCD001B0772 /* Debug */ = {
			isa = XCBuildConfiguration;
			buildSettings = {
				ALWAYS_EMBED_SWIFT_STANDARD_LIBRARIES = YES;
				BUNDLE_LOADER = "$(TEST_HOST)";
				CODE_SIGN_STYLE = Automatic;
				CURRENT_PROJECT_VERSION = 1;
				GENERATE_INFOPLIST_FILE = YES;
				IPHONEOS_DEPLOYMENT_TARGET = 16.4;
				MARKETING_VERSION = 1.0;
				PRODUCT_BUNDLE_IDENTIFIER = "demo.Image-Gallery-AppTests";
				PRODUCT_NAME = "$(TARGET_NAME)";
				SWIFT_EMIT_LOC_STRINGS = NO;
				SWIFT_VERSION = 5.0;
				TARGETED_DEVICE_FAMILY = "1,2";
				TEST_HOST = "$(BUILT_PRODUCTS_DIR)/Image Gallery App.app/$(BUNDLE_EXECUTABLE_FOLDER_PATH)/Image Gallery App";
			};
			name = Debug;
		};
		9EAD24D42CA66FCD001B0772 /* Release */ = {
			isa = XCBuildConfiguration;
			buildSettings = {
				ALWAYS_EMBED_SWIFT_STANDARD_LIBRARIES = YES;
				BUNDLE_LOADER = "$(TEST_HOST)";
				CODE_SIGN_STYLE = Automatic;
				CURRENT_PROJECT_VERSION = 1;
				GENERATE_INFOPLIST_FILE = YES;
				IPHONEOS_DEPLOYMENT_TARGET = 16.4;
				MARKETING_VERSION = 1.0;
				PRODUCT_BUNDLE_IDENTIFIER = "demo.Image-Gallery-AppTests";
				PRODUCT_NAME = "$(TARGET_NAME)";
				SWIFT_EMIT_LOC_STRINGS = NO;
				SWIFT_VERSION = 5.0;
				TARGETED_DEVICE_FAMILY = "1,2";
				TEST_HOST = "$(BUILT_PRODUCTS_DIR)/Image Gallery App.app/$(BUNDLE_EXECUTABLE_FOLDER_PATH)/Image Gallery App";
			};
			name = Release;
		};
		9EAD24D62CA66FCD001B0772 /* Debug */ = {
			isa = XCBuildConfiguration;
			buildSettings = {
				ALWAYS_EMBED_SWIFT_STANDARD_LIBRARIES = YES;
				CODE_SIGN_STYLE = Automatic;
				CURRENT_PROJECT_VERSION = 1;
				GENERATE_INFOPLIST_FILE = YES;
				MARKETING_VERSION = 1.0;
				PRODUCT_BUNDLE_IDENTIFIER = "demo.Image-Gallery-AppUITests";
				PRODUCT_NAME = "$(TARGET_NAME)";
				SWIFT_EMIT_LOC_STRINGS = NO;
				SWIFT_VERSION = 5.0;
				TARGETED_DEVICE_FAMILY = "1,2";
				TEST_TARGET_NAME = "Image Gallery App";
			};
			name = Debug;
		};
		9EAD24D72CA66FCD001B0772 /* Release */ = {
			isa = XCBuildConfiguration;
			buildSettings = {
				ALWAYS_EMBED_SWIFT_STANDARD_LIBRARIES = YES;
				CODE_SIGN_STYLE = Automatic;
				CURRENT_PROJECT_VERSION = 1;
				GENERATE_INFOPLIST_FILE = YES;
				MARKETING_VERSION = 1.0;
				PRODUCT_BUNDLE_IDENTIFIER = "demo.Image-Gallery-AppUITests";
				PRODUCT_NAME = "$(TARGET_NAME)";
				SWIFT_EMIT_LOC_STRINGS = NO;
				SWIFT_VERSION = 5.0;
				TARGETED_DEVICE_FAMILY = "1,2";
				TEST_TARGET_NAME = "Image Gallery App";
			};
			name = Release;
		};
/* End XCBuildConfiguration section */

/* Begin XCConfigurationList section */
		9EAD24A02CA66FCB001B0772 /* Build configuration list for PBXProject "Image Gallery App" */ = {
			isa = XCConfigurationList;
			buildConfigurations = (
				9EAD24CD2CA66FCD001B0772 /* Debug */,
				9EAD24CE2CA66FCD001B0772 /* Release */,
			);
			defaultConfigurationIsVisible = 0;
			defaultConfigurationName = Release;
		};
		9EAD24CF2CA66FCD001B0772 /* Build configuration list for PBXNativeTarget "Image Gallery App" */ = {
			isa = XCConfigurationList;
			buildConfigurations = (
				9EAD24D02CA66FCD001B0772 /* Debug */,
				9EAD24D12CA66FCD001B0772 /* Release */,
			);
			defaultConfigurationIsVisible = 0;
			defaultConfigurationName = Release;
		};
		9EAD24D22CA66FCD001B0772 /* Build configuration list for PBXNativeTarget "Image Gallery AppTests" */ = {
			isa = XCConfigurationList;
			buildConfigurations = (
				9EAD24D32CA66FCD001B0772 /* Debug */,
				9EAD24D42CA66FCD001B0772 /* Release */,
			);
			defaultConfigurationIsVisible = 0;
			defaultConfigurationName = Release;
		};
		9EAD24D52CA66FCD001B0772 /* Build configuration list for PBXNativeTarget "Image Gallery AppUITests" */ = {
			isa = XCConfigurationList;
			buildConfigurations = (
				9EAD24D62CA66FCD001B0772 /* Debug */,
				9EAD24D72CA66FCD001B0772 /* Release */,
			);
			defaultConfigurationIsVisible = 0;
			defaultConfigurationName = Release;
		};
/* End XCConfigurationList section */
	};
	rootObject = 9EAD249D2CA66FCB001B0772 /* Project object */;
}
